
Microsoft Visual Studio Solution File, Format Version 12.00
# Visual Studio Version 16
VisualStudioVersion = 16.0.33130.400
MinimumVisualStudioVersion = 10.0.40219.1
Project("{FAE04EC0-301F-11D3-BF4B-00C04F79EFBC}") = "assignment_5CF_Q2", "assignment_5CF_Q2\assignment_5CF_Q2.csproj", "{FA260F0E-DFD5-4800-838A-D535AEF808EE}"
EndProject
Global
	GlobalSection(SolutionConfigurationPlatforms) = preSolution
		Debug|Any CPU = Debug|Any CPU
		Release|Any CPU = Release|Any CPU
	EndGlobalSection
	GlobalSection(ProjectConfigurationPlatforms) = postSolution
		{FA260F0E-DFD5-4800-838A-D535AEF808EE}.Debug|Any CPU.ActiveCfg = Debug|Any CPU
		{FA260F0E-DFD5-4800-838A-D535AEF808EE}.Debug|Any CPU.Build.0 = Debug|Any CPU
		{FA260F0E-DFD5-4800-838A-D535AEF808EE}.Release|Any CPU.ActiveCfg = Release|Any CPU
		{FA260F0E-DFD5-4800-838A-D535AEF808EE}.Release|Any CPU.Build.0 = Release|Any CPU
	EndGlobalSection
	GlobalSection(SolutionProperties) = preSolution
		HideSolutionNode = FALSE
	EndGlobalSection
	GlobalSection(ExtensibilityGlobals) = postSolution
		SolutionGuid = {F357328A-C8B1-441C-9601-6C1BF509897C}
	EndGlobalSection
EndGlobal
