
Microsoft Visual Studio Solution File, Format Version 12.00
# Visual Studio Version 16
VisualStudioVersion = 16.0.33130.400
MinimumVisualStudioVersion = 10.0.40219.1
Project("{FAE04EC0-301F-11D3-BF4B-00C04F79EFBC}") = "asssignment 2 oop csharp", "asssignment 2 oop csharp\asssignment 2 oop csharp.csproj", "{BB689188-CB6E-48DB-8A4F-549F9A083350}"
EndProject
Global
	GlobalSection(SolutionConfigurationPlatforms) = preSolution
		Debug|Any CPU = Debug|Any CPU
		Release|Any CPU = Release|Any CPU
	EndGlobalSection
	GlobalSection(ProjectConfigurationPlatforms) = postSolution
		{BB689188-CB6E-48DB-8A4F-549F9A083350}.Debug|Any CPU.ActiveCfg = Debug|Any CPU
		{BB689188-CB6E-48DB-8A4F-549F9A083350}.Debug|Any CPU.Build.0 = Debug|Any CPU
		{BB689188-CB6E-48DB-8A4F-549F9A083350}.Release|Any CPU.ActiveCfg = Release|Any CPU
		{BB689188-CB6E-48DB-8A4F-549F9A083350}.Release|Any CPU.Build.0 = Release|Any CPU
	EndGlobalSection
	GlobalSection(SolutionProperties) = preSolution
		HideSolutionNode = FALSE
	EndGlobalSection
	GlobalSection(ExtensibilityGlobals) = postSolution
		SolutionGuid = {517A21B4-C416-4F58-9753-58336435E426}
	EndGlobalSection
EndGlobal
